
Microsoft Visual Studio Solution File, Format Version 12.00
# Visual Studio 15
VisualStudioVersion = 15.0.27004.2008
MinimumVisualStudioVersion = 10.0.40219.1
Project("{888888A0-9F3D-457C-B088-3A5042F75D52}") = "x", "x.pyproj", "{44DF48CE-4F85-49B2-9E72-61DDF57EA463}"
EndProject
Global
	GlobalSection(SolutionConfigurationPlatforms) = preSolution
		Debug|Any CPU = Debug|Any CPU
		Release|Any CPU = Release|Any CPU
	EndGlobalSection
	GlobalSection(ProjectConfigurationPlatforms) = postSolution
		{44DF48CE-4F85-49B2-9E72-61DDF57EA463}.Debug|Any CPU.ActiveCfg = Debug|Any CPU
		{44DF48CE-4F85-49B2-9E72-61DDF57EA463}.Release|Any CPU.ActiveCfg = Release|Any CPU
	EndGlobalSection
	GlobalSection(SolutionProperties) = preSolution
		HideSolutionNode = FALSE
	EndGlobalSection
	GlobalSection(ExtensibilityGlobals) = postSolution
		SolutionGuid = {8D4021A6-BDA4-4061-953B-B237B357EA04}
	EndGlobalSection
EndGlobal
