
Microsoft Visual Studio Solution File, Format Version 12.00
# Visual Studio 15
VisualStudioVersion = 15.0.27004.2002
MinimumVisualStudioVersion = 10.0.40219.1
Project("{8BC9CEB8-8B4A-11D0-8D11-00A0C91BC942}") = "PID1", "PID1.vcxproj", "{C5F80730-F44F-4478-BDAE-6634EFC2CA88}"
EndProject
Project("{8BC9CEB8-8B4A-11D0-8D11-00A0C91BC942}") = "arduino", "..\arduino\arduino.vcxproj", "{0998FB4A-4F2F-4A1B-8E8E-F4E93BC6FFBD}"
EndProject
Project("{888888A0-9F3D-457C-B088-3A5042F75D52}") = "Server", "Server\Server.pyproj", "{239FD11A-1E25-48F3-A9D2-30805A43DBF8}"
EndProject
Global
	GlobalSection(SolutionConfigurationPlatforms) = preSolution
		Debug|Any CPU = Debug|Any CPU
		Debug|x86 = Debug|x86
		Release|Any CPU = Release|Any CPU
		Release|x86 = Release|x86
	EndGlobalSection
	GlobalSection(ProjectConfigurationPlatforms) = postSolution
		{C5F80730-F44F-4478-BDAE-6634EFC2CA88}.Debug|Any CPU.ActiveCfg = Debug|Win32
		{C5F80730-F44F-4478-BDAE-6634EFC2CA88}.Debug|x86.ActiveCfg = Debug|Win32
		{C5F80730-F44F-4478-BDAE-6634EFC2CA88}.Debug|x86.Build.0 = Debug|Win32
		{C5F80730-F44F-4478-BDAE-6634EFC2CA88}.Release|Any CPU.ActiveCfg = Release|Win32
		{C5F80730-F44F-4478-BDAE-6634EFC2CA88}.Release|x86.ActiveCfg = Release|Win32
		{C5F80730-F44F-4478-BDAE-6634EFC2CA88}.Release|x86.Build.0 = Release|Win32
		{0998FB4A-4F2F-4A1B-8E8E-F4E93BC6FFBD}.Debug|Any CPU.ActiveCfg = Debug|Win32
		{0998FB4A-4F2F-4A1B-8E8E-F4E93BC6FFBD}.Debug|x86.ActiveCfg = Debug|Win32
		{0998FB4A-4F2F-4A1B-8E8E-F4E93BC6FFBD}.Debug|x86.Build.0 = Debug|Win32
		{0998FB4A-4F2F-4A1B-8E8E-F4E93BC6FFBD}.Release|Any CPU.ActiveCfg = Release|Win32
		{0998FB4A-4F2F-4A1B-8E8E-F4E93BC6FFBD}.Release|x86.ActiveCfg = Release|Win32
		{0998FB4A-4F2F-4A1B-8E8E-F4E93BC6FFBD}.Release|x86.Build.0 = Release|Win32
		{239FD11A-1E25-48F3-A9D2-30805A43DBF8}.Debug|Any CPU.ActiveCfg = Debug|Any CPU
		{239FD11A-1E25-48F3-A9D2-30805A43DBF8}.Debug|x86.ActiveCfg = Debug|Any CPU
		{239FD11A-1E25-48F3-A9D2-30805A43DBF8}.Release|Any CPU.ActiveCfg = Release|Any CPU
		{239FD11A-1E25-48F3-A9D2-30805A43DBF8}.Release|x86.ActiveCfg = Release|Any CPU
	EndGlobalSection
	GlobalSection(SolutionProperties) = preSolution
		HideSolutionNode = FALSE
	EndGlobalSection
	GlobalSection(ExtensibilityGlobals) = postSolution
		SolutionGuid = {DFDDE38A-AFA2-47A1-9B67-B9339CA900E0}
	EndGlobalSection
EndGlobal
