
Microsoft Visual Studio Solution File, Format Version 12.00
# Visual Studio 15
VisualStudioVersion = 15.0.27004.2008
MinimumVisualStudioVersion = 10.0.40219.1
Project("{888888A0-9F3D-457C-B088-3A5042F75D52}") = "manual", "..\manual\manual.pyproj", "{02EB8103-24F3-4305-AD32-18F782DB2E94}"
EndProject
Global
	GlobalSection(SolutionConfigurationPlatforms) = preSolution
		Debug|Any CPU = Debug|Any CPU
		Debug|x86 = Debug|x86
		Release|Any CPU = Release|Any CPU
		Release|x86 = Release|x86
	EndGlobalSection
	GlobalSection(ProjectConfigurationPlatforms) = postSolution
		{02EB8103-24F3-4305-AD32-18F782DB2E94}.Debug|Any CPU.ActiveCfg = Debug|Any CPU
		{02EB8103-24F3-4305-AD32-18F782DB2E94}.Debug|x86.ActiveCfg = Debug|Any CPU
		{02EB8103-24F3-4305-AD32-18F782DB2E94}.Release|Any CPU.ActiveCfg = Release|Any CPU
		{02EB8103-24F3-4305-AD32-18F782DB2E94}.Release|x86.ActiveCfg = Release|Any CPU
	EndGlobalSection
	GlobalSection(SolutionProperties) = preSolution
		HideSolutionNode = FALSE
	EndGlobalSection
	GlobalSection(ExtensibilityGlobals) = postSolution
		SolutionGuid = {DFDDE38A-AFA2-47A1-9B67-B9339CA900E0}
	EndGlobalSection
EndGlobal
